// !$*UTF8*$!
{
	archiveVersion = 1;
	classes = {
	};
	objectVersion = 56;
	objects = {

/* Begin PBXBuildFile section */
		471FA1D92E2B14C30073AF55 /* MoviesDetailViewController.swift in Sources */ = {isa = PBXBuildFile; fileRef = 471FA1D82E2B14C30073AF55 /* MoviesDetailViewController.swift */; };
		471FA1DC2E2B20150073AF55 /* SDWebImage in Frameworks */ = {isa = PBXBuildFile; productRef = 471FA1DB2E2B20150073AF55 /* SDWebImage */; };
		471FF0D92E2AD406000173B1 /* Alamofire in Frameworks */ = {isa = PBXBuildFile; productRef = 471FF0D82E2AD406000173B1 /* Alamofire */; };
		471FF0DD2E2AEF90000173B1 /* MovieListUI.storyboard in Resources */ = {isa = PBXBuildFile; fileRef = 471FF0DC2E2AEF90000173B1 /* MovieListUI.storyboard */; };
		471FF0E12E2B001F000173B1 /* MoviesListViewController.swift in Sources */ = {isa = PBXBuildFile; fileRef = 471FF0E02E2B001F000173B1 /* MoviesListViewController.swift */; };
		471FF0E32E2B01B3000173B1 /* MoviesListCell.swift in Sources */ = {isa = PBXBuildFile; fileRef = 471FF0E22E2B01B3000173B1 /* MoviesListCell.swift */; };
		471FF0E62E2B0B30000173B1 /* MovieDetailsUI.storyboard in Resources */ = {isa = PBXBuildFile; fileRef = 471FF0E52E2B0B30000173B1 /* MovieDetailsUI.storyboard */; };
		477E605A2B46C52E00EFF6D4 /* NetworkConstants.swift in Sources */ = {isa = PBXBuildFile; fileRef = 477E60592B46C52E00EFF6D4 /* NetworkConstants.swift */; };
		477E605C2B46C80500EFF6D4 /* MoviesRepository.swift in Sources */ = {isa = PBXBuildFile; fileRef = 477E605B2B46C80500EFF6D4 /* MoviesRepository.swift */; };
		477E605F2B46C83800EFF6D4 /* MoviesRouter.swift in Sources */ = {isa = PBXBuildFile; fileRef = 477E605E2B46C83800EFF6D4 /* MoviesRouter.swift */; };
		477E60612B46C84500EFF6D4 /* MoviesAPI.swift in Sources */ = {isa = PBXBuildFile; fileRef = 477E60602B46C84500EFF6D4 /* MoviesAPI.swift */; };
		477E60632B46C90600EFF6D4 /* MoviesResponse.swift in Sources */ = {isa = PBXBuildFile; fileRef = 477E60622B46C90600EFF6D4 /* MoviesResponse.swift */; };
		477E60662B46D0CC00EFF6D4 /* NetworkManager.swift in Sources */ = {isa = PBXBuildFile; fileRef = 477E60652B46D0CC00EFF6D4 /* NetworkManager.swift */; };
		477E60682B46D31400EFF6D4 /* DateResponse.swift in Sources */ = {isa = PBXBuildFile; fileRef = 477E60672B46D31400EFF6D4 /* DateResponse.swift */; };
		477E606A2B46D37000EFF6D4 /* MoviesResultResponse.swift in Sources */ = {isa = PBXBuildFile; fileRef = 477E60692B46D37000EFF6D4 /* MoviesResultResponse.swift */; };
		477E606D2B46DACC00EFF6D4 /* MoviesListModel.swift in Sources */ = {isa = PBXBuildFile; fileRef = 477E606C2B46DACC00EFF6D4 /* MoviesListModel.swift */; };
		477E606F2B46DADB00EFF6D4 /* MoviesListInteractor.swift in Sources */ = {isa = PBXBuildFile; fileRef = 477E606E2B46DADA00EFF6D4 /* MoviesListInteractor.swift */; };
		477E60712B46DAF800EFF6D4 /* MoviesListPresenter.swift in Sources */ = {isa = PBXBuildFile; fileRef = 477E60702B46DAF800EFF6D4 /* MoviesListPresenter.swift */; };
		477E60762B46DC9B00EFF6D4 /* MoviesUIView.swift in Sources */ = {isa = PBXBuildFile; fileRef = 477E60752B46DC9B00EFF6D4 /* MoviesUIView.swift */; };
		477E60792B46E09800EFF6D4 /* BackgroundUIView.swift in Sources */ = {isa = PBXBuildFile; fileRef = 477E60782B46E09800EFF6D4 /* BackgroundUIView.swift */; };
		477E607B2B46E0C400EFF6D4 /* PosterUIView.swift in Sources */ = {isa = PBXBuildFile; fileRef = 477E607A2B46E0C400EFF6D4 /* PosterUIView.swift */; };
		477E607D2B46E57200EFF6D4 /* MoviesListInteractorAssembler.swift in Sources */ = {isa = PBXBuildFile; fileRef = 477E607C2B46E57200EFF6D4 /* MoviesListInteractorAssembler.swift */; };
		477E60812B476B2200EFF6D4 /* ListPaginationRowView.swift in Sources */ = {isa = PBXBuildFile; fileRef = 477E60802B476B2200EFF6D4 /* ListPaginationRowView.swift */; };
		477E60832B476B8800EFF6D4 /* PaginationState.swift in Sources */ = {isa = PBXBuildFile; fileRef = 477E60822B476B8800EFF6D4 /* PaginationState.swift */; };
		477E60852B4824E100EFF6D4 /* MovieListRowUIView.swift in Sources */ = {isa = PBXBuildFile; fileRef = 477E60842B4824E100EFF6D4 /* MovieListRowUIView.swift */; };
		477E608A2B4828CB00EFF6D4 /* MovieDetailsRepository.swift in Sources */ = {isa = PBXBuildFile; fileRef = 477E60892B4828CB00EFF6D4 /* MovieDetailsRepository.swift */; };
		477E608C2B4831AB00EFF6D4 /* MovieDetailsAPI.swift in Sources */ = {isa = PBXBuildFile; fileRef = 477E608B2B4831AB00EFF6D4 /* MovieDetailsAPI.swift */; };
		477E608E2B4831BD00EFF6D4 /* MovieDetailsRouter.swift in Sources */ = {isa = PBXBuildFile; fileRef = 477E608D2B4831BD00EFF6D4 /* MovieDetailsRouter.swift */; };
		477E60932B48358500EFF6D4 /* MovieDetailsModel.swift in Sources */ = {isa = PBXBuildFile; fileRef = 477E60922B48358500EFF6D4 /* MovieDetailsModel.swift */; };
		477E60952B48359700EFF6D4 /* MovieDetailsPresenter.swift in Sources */ = {isa = PBXBuildFile; fileRef = 477E60942B48359700EFF6D4 /* MovieDetailsPresenter.swift */; };
		477E60972B4835AA00EFF6D4 /* MovieDetailsInteractor.swift in Sources */ = {isa = PBXBuildFile; fileRef = 477E60962B4835AA00EFF6D4 /* MovieDetailsInteractor.swift */; };
		477E609A2B4835D100EFF6D4 /* MovieDetailsUIView.swift in Sources */ = {isa = PBXBuildFile; fileRef = 477E60992B4835D100EFF6D4 /* MovieDetailsUIView.swift */; };
		477E609E2B4836DA00EFF6D4 /* MovieDetailsResponse.swift in Sources */ = {isa = PBXBuildFile; fileRef = 477E609D2B4836DA00EFF6D4 /* MovieDetailsResponse.swift */; };
		477E60A02B48390800EFF6D4 /* Collections.swift in Sources */ = {isa = PBXBuildFile; fileRef = 477E609F2B48390800EFF6D4 /* Collections.swift */; };
		477E60A22B48392800EFF6D4 /* Genres.swift in Sources */ = {isa = PBXBuildFile; fileRef = 477E60A12B48392800EFF6D4 /* Genres.swift */; };
		477E60A42B48394600EFF6D4 /* ProductionCompanies.swift in Sources */ = {isa = PBXBuildFile; fileRef = 477E60A32B48394600EFF6D4 /* ProductionCompanies.swift */; };
		477E60A62B48395E00EFF6D4 /* ProductionCountries.swift in Sources */ = {isa = PBXBuildFile; fileRef = 477E60A52B48395E00EFF6D4 /* ProductionCountries.swift */; };
		477E60A82B4839A500EFF6D4 /* SpokenLanguages.swift in Sources */ = {isa = PBXBuildFile; fileRef = 477E60A72B4839A500EFF6D4 /* SpokenLanguages.swift */; };
		477E60AB2B48430900EFF6D4 /* MovieDetailsInteractorAssembler.swift in Sources */ = {isa = PBXBuildFile; fileRef = 477E60AA2B48430900EFF6D4 /* MovieDetailsInteractorAssembler.swift */; };
		477E60AE2B4844E100EFF6D4 /* MovieDetailsDataStore.swift in Sources */ = {isa = PBXBuildFile; fileRef = 477E60AD2B4844E100EFF6D4 /* MovieDetailsDataStore.swift */; };
		477E60B02B484EC700EFF6D4 /* MovieDetailsUIConfigurator.swift in Sources */ = {isa = PBXBuildFile; fileRef = 477E60AF2B484EC700EFF6D4 /* MovieDetailsUIConfigurator.swift */; };
		477E60B22B48763E00EFF6D4 /* StarRatingUIView.swift in Sources */ = {isa = PBXBuildFile; fileRef = 477E60B12B48763E00EFF6D4 /* StarRatingUIView.swift */; };
		477E60B42B4877FC00EFF6D4 /* MovieDetailHeaderUIView.swift in Sources */ = {isa = PBXBuildFile; fileRef = 477E60B32B4877FC00EFF6D4 /* MovieDetailHeaderUIView.swift */; };
		477E60B62B48811D00EFF6D4 /* MovieDetailsCenterUIView.swift in Sources */ = {isa = PBXBuildFile; fileRef = 477E60B52B48811D00EFF6D4 /* MovieDetailsCenterUIView.swift */; };
		477E60B82B48822900EFF6D4 /* MovieDetailsFooterUIView.swift in Sources */ = {isa = PBXBuildFile; fileRef = 477E60B72B48822900EFF6D4 /* MovieDetailsFooterUIView.swift */; };
		477E60BA2B488E7F00EFF6D4 /* MoviesSortingUIButton.swift in Sources */ = {isa = PBXBuildFile; fileRef = 477E60B92B488E7F00EFF6D4 /* MoviesSortingUIButton.swift */; };
		477E60BC2B496B2400EFF6D4 /* MoviesListUIView.swift in Sources */ = {isa = PBXBuildFile; fileRef = 477E60BB2B496B2400EFF6D4 /* MoviesListUIView.swift */; };
		47A26F682B45B611005EB747 /* MoviesAppApp.swift in Sources */ = {isa = PBXBuildFile; fileRef = 47A26F672B45B611005EB747 /* MoviesAppApp.swift */; };
		47A26F6C2B45B61B005EB747 /* Assets.xcassets in Resources */ = {isa = PBXBuildFile; fileRef = 47A26F6B2B45B61B005EB747 /* Assets.xcassets */; };
		47A26F6F2B45B61B005EB747 /* Preview Assets.xcassets in Resources */ = {isa = PBXBuildFile; fileRef = 47A26F6E2B45B61B005EB747 /* Preview Assets.xcassets */; };
		47A26F792B45B61C005EB747 /* MoviesAppTests.swift in Sources */ = {isa = PBXBuildFile; fileRef = 47A26F782B45B61C005EB747 /* MoviesAppTests.swift */; };
		47A26F832B45B61C005EB747 /* MoviesAppUITests.swift in Sources */ = {isa = PBXBuildFile; fileRef = 47A26F822B45B61C005EB747 /* MoviesAppUITests.swift */; };
		47A26F852B45B61C005EB747 /* MoviesAppUITestsLaunchTests.swift in Sources */ = {isa = PBXBuildFile; fileRef = 47A26F842B45B61C005EB747 /* MoviesAppUITestsLaunchTests.swift */; };
		47A26F9C2B45D1C0005EB747 /* BaseAPI.swift in Sources */ = {isa = PBXBuildFile; fileRef = 47A26F9A2B45D1C0005EB747 /* BaseAPI.swift */; };
		47A26F9D2B45D1C0005EB747 /* BaseRouter.swift in Sources */ = {isa = PBXBuildFile; fileRef = 47A26F9B2B45D1C0005EB747 /* BaseRouter.swift */; };
		47A26FA92B45D1D6005EB747 /* Inject.swift in Sources */ = {isa = PBXBuildFile; fileRef = 47A26F9F2B45D1D6005EB747 /* Inject.swift */; };
		47A26FAA2B45D1D6005EB747 /* Assembler.swift in Sources */ = {isa = PBXBuildFile; fileRef = 47A26FA02B45D1D6005EB747 /* Assembler.swift */; };
		47A26FAB2B45D1D6005EB747 /* DIContainer.swift in Sources */ = {isa = PBXBuildFile; fileRef = 47A26FA12B45D1D6005EB747 /* DIContainer.swift */; };
		47A26FAC2B45D1D6005EB747 /* APIError.swift in Sources */ = {isa = PBXBuildFile; fileRef = 47A26FA42B45D1D6005EB747 /* APIError.swift */; };
		47A26FB02B45D1F6005EB747 /* AppConfiguration.swift in Sources */ = {isa = PBXBuildFile; fileRef = 47A26FAF2B45D1F6005EB747 /* AppConfiguration.swift */; };
/* End PBXBuildFile section */

/* Begin PBXContainerItemProxy section */
		47A26F752B45B61B005EB747 /* PBXContainerItemProxy */ = {
			isa = PBXContainerItemProxy;
			containerPortal = 47A26F5C2B45B611005EB747 /* Project object */;
			proxyType = 1;
			remoteGlobalIDString = 47A26F632B45B611005EB747;
			remoteInfo = MoviesApp;
		};
		47A26F7F2B45B61C005EB747 /* PBXContainerItemProxy */ = {
			isa = PBXContainerItemProxy;
			containerPortal = 47A26F5C2B45B611005EB747 /* Project object */;
			proxyType = 1;
			remoteGlobalIDString = 47A26F632B45B611005EB747;
			remoteInfo = MoviesApp;
		};
/* End PBXContainerItemProxy section */

/* Begin PBXFileReference section */
		471FA1D82E2B14C30073AF55 /* MoviesDetailViewController.swift */ = {isa = PBXFileReference; lastKnownFileType = sourcecode.swift; path = MoviesDetailViewController.swift; sourceTree = "<group>"; };
		471FF0DC2E2AEF90000173B1 /* MovieListUI.storyboard */ = {isa = PBXFileReference; lastKnownFileType = file.storyboard; path = MovieListUI.storyboard; sourceTree = "<group>"; };
		471FF0E02E2B001F000173B1 /* MoviesListViewController.swift */ = {isa = PBXFileReference; lastKnownFileType = sourcecode.swift; path = MoviesListViewController.swift; sourceTree = "<group>"; };
		471FF0E22E2B01B3000173B1 /* MoviesListCell.swift */ = {isa = PBXFileReference; lastKnownFileType = sourcecode.swift; path = MoviesListCell.swift; sourceTree = "<group>"; };
		471FF0E52E2B0B30000173B1 /* MovieDetailsUI.storyboard */ = {isa = PBXFileReference; lastKnownFileType = file.storyboard; path = MovieDetailsUI.storyboard; sourceTree = "<group>"; };
		477E60592B46C52E00EFF6D4 /* NetworkConstants.swift */ = {isa = PBXFileReference; lastKnownFileType = sourcecode.swift; path = NetworkConstants.swift; sourceTree = "<group>"; };
		477E605B2B46C80500EFF6D4 /* MoviesRepository.swift */ = {isa = PBXFileReference; lastKnownFileType = sourcecode.swift; path = MoviesRepository.swift; sourceTree = "<group>"; };
		477E605E2B46C83800EFF6D4 /* MoviesRouter.swift */ = {isa = PBXFileReference; lastKnownFileType = sourcecode.swift; path = MoviesRouter.swift; sourceTree = "<group>"; };
		477E60602B46C84500EFF6D4 /* MoviesAPI.swift */ = {isa = PBXFileReference; lastKnownFileType = sourcecode.swift; path = MoviesAPI.swift; sourceTree = "<group>"; };
		477E60622B46C90600EFF6D4 /* MoviesResponse.swift */ = {isa = PBXFileReference; lastKnownFileType = sourcecode.swift; path = MoviesResponse.swift; sourceTree = "<group>"; };
		477E60652B46D0CC00EFF6D4 /* NetworkManager.swift */ = {isa = PBXFileReference; lastKnownFileType = sourcecode.swift; path = NetworkManager.swift; sourceTree = "<group>"; };
		477E60672B46D31400EFF6D4 /* DateResponse.swift */ = {isa = PBXFileReference; lastKnownFileType = sourcecode.swift; path = DateResponse.swift; sourceTree = "<group>"; };
		477E60692B46D37000EFF6D4 /* MoviesResultResponse.swift */ = {isa = PBXFileReference; lastKnownFileType = sourcecode.swift; path = MoviesResultResponse.swift; sourceTree = "<group>"; };
		477E606C2B46DACC00EFF6D4 /* MoviesListModel.swift */ = {isa = PBXFileReference; lastKnownFileType = sourcecode.swift; path = MoviesListModel.swift; sourceTree = "<group>"; };
		477E606E2B46DADA00EFF6D4 /* MoviesListInteractor.swift */ = {isa = PBXFileReference; lastKnownFileType = sourcecode.swift; path = MoviesListInteractor.swift; sourceTree = "<group>"; };
		477E60702B46DAF800EFF6D4 /* MoviesListPresenter.swift */ = {isa = PBXFileReference; lastKnownFileType = sourcecode.swift; path = MoviesListPresenter.swift; sourceTree = "<group>"; };
		477E60752B46DC9B00EFF6D4 /* MoviesUIView.swift */ = {isa = PBXFileReference; lastKnownFileType = sourcecode.swift; path = MoviesUIView.swift; sourceTree = "<group>"; };
		477E60782B46E09800EFF6D4 /* BackgroundUIView.swift */ = {isa = PBXFileReference; fileEncoding = 4; lastKnownFileType = sourcecode.swift; path = BackgroundUIView.swift; sourceTree = "<group>"; };
		477E607A2B46E0C400EFF6D4 /* PosterUIView.swift */ = {isa = PBXFileReference; lastKnownFileType = sourcecode.swift; path = PosterUIView.swift; sourceTree = "<group>"; };
		477E607C2B46E57200EFF6D4 /* MoviesListInteractorAssembler.swift */ = {isa = PBXFileReference; lastKnownFileType = sourcecode.swift; path = MoviesListInteractorAssembler.swift; sourceTree = "<group>"; };
		477E60802B476B2200EFF6D4 /* ListPaginationRowView.swift */ = {isa = PBXFileReference; lastKnownFileType = sourcecode.swift; path = ListPaginationRowView.swift; sourceTree = "<group>"; };
		477E60822B476B8800EFF6D4 /* PaginationState.swift */ = {isa = PBXFileReference; lastKnownFileType = sourcecode.swift; path = PaginationState.swift; sourceTree = "<group>"; };
		477E60842B4824E100EFF6D4 /* MovieListRowUIView.swift */ = {isa = PBXFileReference; lastKnownFileType = sourcecode.swift; path = MovieListRowUIView.swift; sourceTree = "<group>"; };
		477E60892B4828CB00EFF6D4 /* MovieDetailsRepository.swift */ = {isa = PBXFileReference; lastKnownFileType = sourcecode.swift; path = MovieDetailsRepository.swift; sourceTree = "<group>"; };
		477E608B2B4831AB00EFF6D4 /* MovieDetailsAPI.swift */ = {isa = PBXFileReference; lastKnownFileType = sourcecode.swift; path = MovieDetailsAPI.swift; sourceTree = "<group>"; };
		477E608D2B4831BD00EFF6D4 /* MovieDetailsRouter.swift */ = {isa = PBXFileReference; lastKnownFileType = sourcecode.swift; path = MovieDetailsRouter.swift; sourceTree = "<group>"; };
		477E60922B48358500EFF6D4 /* MovieDetailsModel.swift */ = {isa = PBXFileReference; lastKnownFileType = sourcecode.swift; path = MovieDetailsModel.swift; sourceTree = "<group>"; };
		477E60942B48359700EFF6D4 /* MovieDetailsPresenter.swift */ = {isa = PBXFileReference; lastKnownFileType = sourcecode.swift; path = MovieDetailsPresenter.swift; sourceTree = "<group>"; };
		477E60962B4835AA00EFF6D4 /* MovieDetailsInteractor.swift */ = {isa = PBXFileReference; lastKnownFileType = sourcecode.swift; path = MovieDetailsInteractor.swift; sourceTree = "<group>"; };
		477E60992B4835D100EFF6D4 /* MovieDetailsUIView.swift */ = {isa = PBXFileReference; lastKnownFileType = sourcecode.swift; path = MovieDetailsUIView.swift; sourceTree = "<group>"; };
		477E609D2B4836DA00EFF6D4 /* MovieDetailsResponse.swift */ = {isa = PBXFileReference; lastKnownFileType = sourcecode.swift; path = MovieDetailsResponse.swift; sourceTree = "<group>"; };
		477E609F2B48390800EFF6D4 /* Collections.swift */ = {isa = PBXFileReference; lastKnownFileType = sourcecode.swift; path = Collections.swift; sourceTree = "<group>"; };
		477E60A12B48392800EFF6D4 /* Genres.swift */ = {isa = PBXFileReference; lastKnownFileType = sourcecode.swift; path = Genres.swift; sourceTree = "<group>"; };
		477E60A32B48394600EFF6D4 /* ProductionCompanies.swift */ = {isa = PBXFileReference; lastKnownFileType = sourcecode.swift; path = ProductionCompanies.swift; sourceTree = "<group>"; };
		477E60A52B48395E00EFF6D4 /* ProductionCountries.swift */ = {isa = PBXFileReference; lastKnownFileType = sourcecode.swift; path = ProductionCountries.swift; sourceTree = "<group>"; };
		477E60A72B4839A500EFF6D4 /* SpokenLanguages.swift */ = {isa = PBXFileReference; lastKnownFileType = sourcecode.swift; path = SpokenLanguages.swift; sourceTree = "<group>"; };
		477E60AA2B48430900EFF6D4 /* MovieDetailsInteractorAssembler.swift */ = {isa = PBXFileReference; lastKnownFileType = sourcecode.swift; path = MovieDetailsInteractorAssembler.swift; sourceTree = "<group>"; };
		477E60AD2B4844E100EFF6D4 /* MovieDetailsDataStore.swift */ = {isa = PBXFileReference; lastKnownFileType = sourcecode.swift; path = MovieDetailsDataStore.swift; sourceTree = "<group>"; };
		477E60AF2B484EC700EFF6D4 /* MovieDetailsUIConfigurator.swift */ = {isa = PBXFileReference; lastKnownFileType = sourcecode.swift; path = MovieDetailsUIConfigurator.swift; sourceTree = "<group>"; };
		477E60B12B48763E00EFF6D4 /* StarRatingUIView.swift */ = {isa = PBXFileReference; lastKnownFileType = sourcecode.swift; path = StarRatingUIView.swift; sourceTree = "<group>"; };
		477E60B32B4877FC00EFF6D4 /* MovieDetailHeaderUIView.swift */ = {isa = PBXFileReference; lastKnownFileType = sourcecode.swift; path = MovieDetailHeaderUIView.swift; sourceTree = "<group>"; };
		477E60B52B48811D00EFF6D4 /* MovieDetailsCenterUIView.swift */ = {isa = PBXFileReference; lastKnownFileType = sourcecode.swift; path = MovieDetailsCenterUIView.swift; sourceTree = "<group>"; };
		477E60B72B48822900EFF6D4 /* MovieDetailsFooterUIView.swift */ = {isa = PBXFileReference; lastKnownFileType = sourcecode.swift; path = MovieDetailsFooterUIView.swift; sourceTree = "<group>"; };
		477E60B92B488E7F00EFF6D4 /* MoviesSortingUIButton.swift */ = {isa = PBXFileReference; lastKnownFileType = sourcecode.swift; path = MoviesSortingUIButton.swift; sourceTree = "<group>"; };
		477E60BB2B496B2400EFF6D4 /* MoviesListUIView.swift */ = {isa = PBXFileReference; lastKnownFileType = sourcecode.swift; path = MoviesListUIView.swift; sourceTree = "<group>"; };
		47A26F642B45B611005EB747 /* MoviesApp.app */ = {isa = PBXFileReference; explicitFileType = wrapper.application; includeInIndex = 0; path = MoviesApp.app; sourceTree = BUILT_PRODUCTS_DIR; };
		47A26F672B45B611005EB747 /* MoviesAppApp.swift */ = {isa = PBXFileReference; lastKnownFileType = sourcecode.swift; path = MoviesAppApp.swift; sourceTree = "<group>"; };
		47A26F6B2B45B61B005EB747 /* Assets.xcassets */ = {isa = PBXFileReference; lastKnownFileType = folder.assetcatalog; path = Assets.xcassets; sourceTree = "<group>"; };
		47A26F6E2B45B61B005EB747 /* Preview Assets.xcassets */ = {isa = PBXFileReference; lastKnownFileType = folder.assetcatalog; path = "Preview Assets.xcassets"; sourceTree = "<group>"; };
		47A26F742B45B61B005EB747 /* MoviesAppTests.xctest */ = {isa = PBXFileReference; explicitFileType = wrapper.cfbundle; includeInIndex = 0; path = MoviesAppTests.xctest; sourceTree = BUILT_PRODUCTS_DIR; };
		47A26F782B45B61C005EB747 /* MoviesAppTests.swift */ = {isa = PBXFileReference; lastKnownFileType = sourcecode.swift; path = MoviesAppTests.swift; sourceTree = "<group>"; };
		47A26F7E2B45B61C005EB747 /* MoviesAppUITests.xctest */ = {isa = PBXFileReference; explicitFileType = wrapper.cfbundle; includeInIndex = 0; path = MoviesAppUITests.xctest; sourceTree = BUILT_PRODUCTS_DIR; };
		47A26F822B45B61C005EB747 /* MoviesAppUITests.swift */ = {isa = PBXFileReference; lastKnownFileType = sourcecode.swift; path = MoviesAppUITests.swift; sourceTree = "<group>"; };
		47A26F842B45B61C005EB747 /* MoviesAppUITestsLaunchTests.swift */ = {isa = PBXFileReference; lastKnownFileType = sourcecode.swift; path = MoviesAppUITestsLaunchTests.swift; sourceTree = "<group>"; };
		47A26F9A2B45D1C0005EB747 /* BaseAPI.swift */ = {isa = PBXFileReference; fileEncoding = 4; lastKnownFileType = sourcecode.swift; path = BaseAPI.swift; sourceTree = "<group>"; };
		47A26F9B2B45D1C0005EB747 /* BaseRouter.swift */ = {isa = PBXFileReference; fileEncoding = 4; lastKnownFileType = sourcecode.swift; path = BaseRouter.swift; sourceTree = "<group>"; };
		47A26F9F2B45D1D6005EB747 /* Inject.swift */ = {isa = PBXFileReference; fileEncoding = 4; lastKnownFileType = sourcecode.swift; path = Inject.swift; sourceTree = "<group>"; };
		47A26FA02B45D1D6005EB747 /* Assembler.swift */ = {isa = PBXFileReference; fileEncoding = 4; lastKnownFileType = sourcecode.swift; path = Assembler.swift; sourceTree = "<group>"; };
		47A26FA12B45D1D6005EB747 /* DIContainer.swift */ = {isa = PBXFileReference; fileEncoding = 4; lastKnownFileType = sourcecode.swift; path = DIContainer.swift; sourceTree = "<group>"; };
		47A26FA42B45D1D6005EB747 /* APIError.swift */ = {isa = PBXFileReference; fileEncoding = 4; lastKnownFileType = sourcecode.swift; path = APIError.swift; sourceTree = "<group>"; };
		47A26FAF2B45D1F6005EB747 /* AppConfiguration.swift */ = {isa = PBXFileReference; fileEncoding = 4; lastKnownFileType = sourcecode.swift; path = AppConfiguration.swift; sourceTree = "<group>"; };
		47A26FB12B45D21F005EB747 /* Info.plist */ = {isa = PBXFileReference; lastKnownFileType = text.plist.xml; path = Info.plist; sourceTree = "<group>"; };
/* End PBXFileReference section */

/* Begin PBXFrameworksBuildPhase section */
		47A26F612B45B611005EB747 /* Frameworks */ = {
			isa = PBXFrameworksBuildPhase;
			buildActionMask = 2147483647;
			files = (
				471FA1DC2E2B20150073AF55 /* SDWebImage in Frameworks */,
				471FF0D92E2AD406000173B1 /* Alamofire in Frameworks */,
			);
			runOnlyForDeploymentPostprocessing = 0;
		};
		47A26F712B45B61B005EB747 /* Frameworks */ = {
			isa = PBXFrameworksBuildPhase;
			buildActionMask = 2147483647;
			files = (
			);
			runOnlyForDeploymentPostprocessing = 0;
		};
		47A26F7B2B45B61C005EB747 /* Frameworks */ = {
			isa = PBXFrameworksBuildPhase;
			buildActionMask = 2147483647;
			files = (
			);
			runOnlyForDeploymentPostprocessing = 0;
		};
/* End PBXFrameworksBuildPhase section */

/* Begin PBXGroup section */
		471FF0D72E2AD406000173B1 /* Frameworks */ = {
			isa = PBXGroup;
			children = (
			);
			name = Frameworks;
			sourceTree = "<group>";
		};
		471FF0DB2E2AE85F000173B1 /* MoviesList */ = {
			isa = PBXGroup;
			children = (
				471FF0DC2E2AEF90000173B1 /* MovieListUI.storyboard */,
				471FF0E02E2B001F000173B1 /* MoviesListViewController.swift */,
				471FF0E22E2B01B3000173B1 /* MoviesListCell.swift */,
			);
			path = MoviesList;
			sourceTree = "<group>";
		};
		471FF0E42E2B0AED000173B1 /* MovieDetails */ = {
			isa = PBXGroup;
			children = (
				471FF0E52E2B0B30000173B1 /* MovieDetailsUI.storyboard */,
				471FA1D82E2B14C30073AF55 /* MoviesDetailViewController.swift */,
			);
			path = MovieDetails;
			sourceTree = "<group>";
		};
		477E605D2B46C82100EFF6D4 /* Remote */ = {
			isa = PBXGroup;
			children = (
				477E605E2B46C83800EFF6D4 /* MoviesRouter.swift */,
				477E60602B46C84500EFF6D4 /* MoviesAPI.swift */,
			);
			path = Remote;
			sourceTree = "<group>";
		};
		477E60642B46D09D00EFF6D4 /* Manager */ = {
			isa = PBXGroup;
			children = (
				477E60652B46D0CC00EFF6D4 /* NetworkManager.swift */,
			);
			path = Manager;
			sourceTree = "<group>";
		};
		477E606B2B46DA0700EFF6D4 /* MoviesListSwiftui */ = {
			isa = PBXGroup;
			children = (
				477E60772B46E05500EFF6D4 /* UIComponents */,
				477E60742B46DB1000EFF6D4 /* Assemblies */,
				477E606C2B46DACC00EFF6D4 /* MoviesListModel.swift */,
				477E60702B46DAF800EFF6D4 /* MoviesListPresenter.swift */,
				477E606E2B46DADA00EFF6D4 /* MoviesListInteractor.swift */,
				477E60752B46DC9B00EFF6D4 /* MoviesUIView.swift */,
			);
			path = MoviesListSwiftui;
			sourceTree = "<group>";
		};
		477E60742B46DB1000EFF6D4 /* Assemblies */ = {
			isa = PBXGroup;
			children = (
				477E607C2B46E57200EFF6D4 /* MoviesListInteractorAssembler.swift */,
			);
			path = Assemblies;
			sourceTree = "<group>";
		};
		477E60772B46E05500EFF6D4 /* UIComponents */ = {
			isa = PBXGroup;
			children = (
				477E60802B476B2200EFF6D4 /* ListPaginationRowView.swift */,
				477E60842B4824E100EFF6D4 /* MovieListRowUIView.swift */,
				477E60B92B488E7F00EFF6D4 /* MoviesSortingUIButton.swift */,
				477E60BB2B496B2400EFF6D4 /* MoviesListUIView.swift */,
			);
			path = UIComponents;
			sourceTree = "<group>";
		};
		477E60862B4827FB00EFF6D4 /* MoviesList */ = {
			isa = PBXGroup;
			children = (
				477E605D2B46C82100EFF6D4 /* Remote */,
				477E605B2B46C80500EFF6D4 /* MoviesRepository.swift */,
			);
			path = MoviesList;
			sourceTree = "<group>";
		};
		477E60872B48280E00EFF6D4 /* MovieDetails */ = {
			isa = PBXGroup;
			children = (
				477E60882B48284800EFF6D4 /* Remote */,
				477E60892B4828CB00EFF6D4 /* MovieDetailsRepository.swift */,
			);
			path = MovieDetails;
			sourceTree = "<group>";
		};
		477E60882B48284800EFF6D4 /* Remote */ = {
			isa = PBXGroup;
			children = (
				477E608B2B4831AB00EFF6D4 /* MovieDetailsAPI.swift */,
				477E608D2B4831BD00EFF6D4 /* MovieDetailsRouter.swift */,
			);
			path = Remote;
			sourceTree = "<group>";
		};
		477E608F2B48355500EFF6D4 /* MovieDetailsSwiftui */ = {
			isa = PBXGroup;
			children = (
				477E60902B48355E00EFF6D4 /* UIComponents */,
				477E60912B48356C00EFF6D4 /* Assemblies */,
				477E60922B48358500EFF6D4 /* MovieDetailsModel.swift */,
				477E60942B48359700EFF6D4 /* MovieDetailsPresenter.swift */,
				477E60962B4835AA00EFF6D4 /* MovieDetailsInteractor.swift */,
				477E60992B4835D100EFF6D4 /* MovieDetailsUIView.swift */,
				477E60AF2B484EC700EFF6D4 /* MovieDetailsUIConfigurator.swift */,
			);
			path = MovieDetailsSwiftui;
			sourceTree = "<group>";
		};
		477E60902B48355E00EFF6D4 /* UIComponents */ = {
			isa = PBXGroup;
			children = (
				477E60B12B48763E00EFF6D4 /* StarRatingUIView.swift */,
				477E60B32B4877FC00EFF6D4 /* MovieDetailHeaderUIView.swift */,
				477E60B52B48811D00EFF6D4 /* MovieDetailsCenterUIView.swift */,
				477E60B72B48822900EFF6D4 /* MovieDetailsFooterUIView.swift */,
			);
			path = UIComponents;
			sourceTree = "<group>";
		};
		477E60912B48356C00EFF6D4 /* Assemblies */ = {
			isa = PBXGroup;
			children = (
				477E60AA2B48430900EFF6D4 /* MovieDetailsInteractorAssembler.swift */,
			);
			path = Assemblies;
			sourceTree = "<group>";
		};
		477E609B2B4836A400EFF6D4 /* MoviesList */ = {
			isa = PBXGroup;
			children = (
				477E60622B46C90600EFF6D4 /* MoviesResponse.swift */,
				477E60672B46D31400EFF6D4 /* DateResponse.swift */,
				477E60692B46D37000EFF6D4 /* MoviesResultResponse.swift */,
			);
			path = MoviesList;
			sourceTree = "<group>";
		};
		477E609C2B4836BB00EFF6D4 /* MovieDetails */ = {
			isa = PBXGroup;
			children = (
				477E609D2B4836DA00EFF6D4 /* MovieDetailsResponse.swift */,
				477E609F2B48390800EFF6D4 /* Collections.swift */,
				477E60A12B48392800EFF6D4 /* Genres.swift */,
				477E60A32B48394600EFF6D4 /* ProductionCompanies.swift */,
				477E60A52B48395E00EFF6D4 /* ProductionCountries.swift */,
				477E60A72B4839A500EFF6D4 /* SpokenLanguages.swift */,
			);
			path = MovieDetails;
			sourceTree = "<group>";
		};
		477E60A92B48428A00EFF6D4 /* CommonUIComponenets */ = {
			isa = PBXGroup;
			children = (
				477E60782B46E09800EFF6D4 /* BackgroundUIView.swift */,
				477E607A2B46E0C400EFF6D4 /* PosterUIView.swift */,
			);
			path = CommonUIComponenets;
			sourceTree = "<group>";
		};
		477E60AC2B4844C100EFF6D4 /* DataStoreModels */ = {
			isa = PBXGroup;
			children = (
				477E60AD2B4844E100EFF6D4 /* MovieDetailsDataStore.swift */,
			);
			path = DataStoreModels;
			sourceTree = "<group>";
		};
		47A26F5B2B45B610005EB747 = {
			isa = PBXGroup;
			children = (
				47A26F662B45B611005EB747 /* MoviesApp */,
				47A26F772B45B61C005EB747 /* MoviesAppTests */,
				47A26F812B45B61C005EB747 /* MoviesAppUITests */,
				47A26F652B45B611005EB747 /* Products */,
				471FF0D72E2AD406000173B1 /* Frameworks */,
			);
			sourceTree = "<group>";
		};
		47A26F652B45B611005EB747 /* Products */ = {
			isa = PBXGroup;
			children = (
				47A26F642B45B611005EB747 /* MoviesApp.app */,
				47A26F742B45B61B005EB747 /* MoviesAppTests.xctest */,
				47A26F7E2B45B61C005EB747 /* MoviesAppUITests.xctest */,
			);
			name = Products;
			sourceTree = "<group>";
		};
		47A26F662B45B611005EB747 /* MoviesApp */ = {
			isa = PBXGroup;
			children = (
				47A26F912B45C67F005EB747 /* DataLayer */,
				47A26F922B45C699005EB747 /* Global */,
				47A26F932B45C6AB005EB747 /* Models */,
				47A26F942B45C6B6005EB747 /* Modules */,
				47A26F952B45C6EC005EB747 /* SupportingFiles */,
				47A26F6D2B45B61B005EB747 /* Preview Content */,
			);
			path = MoviesApp;
			sourceTree = "<group>";
		};
		47A26F6D2B45B61B005EB747 /* Preview Content */ = {
			isa = PBXGroup;
			children = (
				47A26F6E2B45B61B005EB747 /* Preview Assets.xcassets */,
			);
			path = "Preview Content";
			sourceTree = "<group>";
		};
		47A26F772B45B61C005EB747 /* MoviesAppTests */ = {
			isa = PBXGroup;
			children = (
				47A26F782B45B61C005EB747 /* MoviesAppTests.swift */,
			);
			path = MoviesAppTests;
			sourceTree = "<group>";
		};
		47A26F812B45B61C005EB747 /* MoviesAppUITests */ = {
			isa = PBXGroup;
			children = (
				47A26F822B45B61C005EB747 /* MoviesAppUITests.swift */,
				47A26F842B45B61C005EB747 /* MoviesAppUITestsLaunchTests.swift */,
			);
			path = MoviesAppUITests;
			sourceTree = "<group>";
		};
		47A26F912B45C67F005EB747 /* DataLayer */ = {
			isa = PBXGroup;
			children = (
				477E60862B4827FB00EFF6D4 /* MoviesList */,
				477E60872B48280E00EFF6D4 /* MovieDetails */,
				47A26F982B45D1C0005EB747 /* Base */,
				477E60592B46C52E00EFF6D4 /* NetworkConstants.swift */,
			);
			path = DataLayer;
			sourceTree = "<group>";
		};
		47A26F922B45C699005EB747 /* Global */ = {
			isa = PBXGroup;
			children = (
				47A26F9E2B45D1D6005EB747 /* DI */,
				477E60642B46D09D00EFF6D4 /* Manager */,
				47A26FA22B45D1D6005EB747 /* Helpers */,
			);
			path = Global;
			sourceTree = "<group>";
		};
		47A26F932B45C6AB005EB747 /* Models */ = {
			isa = PBXGroup;
			children = (
				477E60AC2B4844C100EFF6D4 /* DataStoreModels */,
				477E609B2B4836A400EFF6D4 /* MoviesList */,
				477E609C2B4836BB00EFF6D4 /* MovieDetails */,
			);
			path = Models;
			sourceTree = "<group>";
		};
		47A26F942B45C6B6005EB747 /* Modules */ = {
			isa = PBXGroup;
			children = (
				471FF0E42E2B0AED000173B1 /* MovieDetails */,
				471FF0DB2E2AE85F000173B1 /* MoviesList */,
				477E60A92B48428A00EFF6D4 /* CommonUIComponenets */,
				477E606B2B46DA0700EFF6D4 /* MoviesListSwiftui */,
				477E608F2B48355500EFF6D4 /* MovieDetailsSwiftui */,
			);
			path = Modules;
			sourceTree = "<group>";
		};
		47A26F952B45C6EC005EB747 /* SupportingFiles */ = {
			isa = PBXGroup;
			children = (
				47A26FAF2B45D1F6005EB747 /* AppConfiguration.swift */,
				47A26F672B45B611005EB747 /* MoviesAppApp.swift */,
				47A26F6B2B45B61B005EB747 /* Assets.xcassets */,
				47A26FB12B45D21F005EB747 /* Info.plist */,
			);
			path = SupportingFiles;
			sourceTree = "<group>";
		};
		47A26F982B45D1C0005EB747 /* Base */ = {
			isa = PBXGroup;
			children = (
				47A26F992B45D1C0005EB747 /* Remote */,
			);
			path = Base;
			sourceTree = "<group>";
		};
		47A26F992B45D1C0005EB747 /* Remote */ = {
			isa = PBXGroup;
			children = (
				47A26F9A2B45D1C0005EB747 /* BaseAPI.swift */,
				47A26F9B2B45D1C0005EB747 /* BaseRouter.swift */,
			);
			path = Remote;
			sourceTree = "<group>";
		};
		47A26F9E2B45D1D6005EB747 /* DI */ = {
			isa = PBXGroup;
			children = (
				47A26F9F2B45D1D6005EB747 /* Inject.swift */,
				47A26FA02B45D1D6005EB747 /* Assembler.swift */,
				47A26FA12B45D1D6005EB747 /* DIContainer.swift */,
			);
			path = DI;
			sourceTree = "<group>";
		};
		47A26FA22B45D1D6005EB747 /* Helpers */ = {
			isa = PBXGroup;
			children = (
				47A26FA32B45D1D6005EB747 /* Enums */,
			);
			path = Helpers;
			sourceTree = "<group>";
		};
		47A26FA32B45D1D6005EB747 /* Enums */ = {
			isa = PBXGroup;
			children = (
				47A26FA42B45D1D6005EB747 /* APIError.swift */,
				477E60822B476B8800EFF6D4 /* PaginationState.swift */,
			);
			path = Enums;
			sourceTree = "<group>";
		};
/* End PBXGroup section */

/* Begin PBXNativeTarget section */
		47A26F632B45B611005EB747 /* MoviesApp */ = {
			isa = PBXNativeTarget;
			buildConfigurationList = 47A26F882B45B61C005EB747 /* Build configuration list for PBXNativeTarget "MoviesApp" */;
			buildPhases = (
				47A26F602B45B611005EB747 /* Sources */,
				47A26F612B45B611005EB747 /* Frameworks */,
				47A26F622B45B611005EB747 /* Resources */,
			);
			buildRules = (
			);
			dependencies = (
			);
			name = MoviesApp;
			packageProductDependencies = (
				471FF0D82E2AD406000173B1 /* Alamofire */,
				471FA1DB2E2B20150073AF55 /* SDWebImage */,
			);
			productName = MoviesApp;
			productReference = 47A26F642B45B611005EB747 /* MoviesApp.app */;
			productType = "com.apple.product-type.application";
		};
		47A26F732B45B61B005EB747 /* MoviesAppTests */ = {
			isa = PBXNativeTarget;
			buildConfigurationList = 47A26F8B2B45B61C005EB747 /* Build configuration list for PBXNativeTarget "MoviesAppTests" */;
			buildPhases = (
				47A26F702B45B61B005EB747 /* Sources */,
				47A26F712B45B61B005EB747 /* Frameworks */,
				47A26F722B45B61B005EB747 /* Resources */,
			);
			buildRules = (
			);
			dependencies = (
				47A26F762B45B61B005EB747 /* PBXTargetDependency */,
			);
			name = MoviesAppTests;
			productName = MoviesAppTests;
			productReference = 47A26F742B45B61B005EB747 /* MoviesAppTests.xctest */;
			productType = "com.apple.product-type.bundle.unit-test";
		};
		47A26F7D2B45B61C005EB747 /* MoviesAppUITests */ = {
			isa = PBXNativeTarget;
			buildConfigurationList = 47A26F8E2B45B61C005EB747 /* Build configuration list for PBXNativeTarget "MoviesAppUITests" */;
			buildPhases = (
				47A26F7A2B45B61C005EB747 /* Sources */,
				47A26F7B2B45B61C005EB747 /* Frameworks */,
				47A26F7C2B45B61C005EB747 /* Resources */,
			);
			buildRules = (
			);
			dependencies = (
				47A26F802B45B61C005EB747 /* PBXTargetDependency */,
			);
			name = MoviesAppUITests;
			productName = MoviesAppUITests;
			productReference = 47A26F7E2B45B61C005EB747 /* MoviesAppUITests.xctest */;
			productType = "com.apple.product-type.bundle.ui-testing";
		};
/* End PBXNativeTarget section */

/* Begin PBXProject section */
		47A26F5C2B45B611005EB747 /* Project object */ = {
			isa = PBXProject;
			attributes = {
				BuildIndependentTargetsInParallel = 1;
				LastSwiftUpdateCheck = 1430;
				LastUpgradeCheck = 1430;
				TargetAttributes = {
					47A26F632B45B611005EB747 = {
						CreatedOnToolsVersion = 14.3.1;
					};
					47A26F732B45B61B005EB747 = {
						CreatedOnToolsVersion = 14.3.1;
						TestTargetID = 47A26F632B45B611005EB747;
					};
					47A26F7D2B45B61C005EB747 = {
						CreatedOnToolsVersion = 14.3.1;
						TestTargetID = 47A26F632B45B611005EB747;
					};
				};
			};
			buildConfigurationList = 47A26F5F2B45B611005EB747 /* Build configuration list for PBXProject "MoviesApp" */;
			compatibilityVersion = "Xcode 14.0";
			developmentRegion = en;
			hasScannedForEncodings = 0;
			knownRegions = (
				en,
				Base,
			);
			mainGroup = 47A26F5B2B45B610005EB747;
			packageReferences = (
				471FF0D62E2ACFF3000173B1 /* XCRemoteSwiftPackageReference "Alamofire" */,
				471FA1DA2E2B1FED0073AF55 /* XCRemoteSwiftPackageReference "SDWebImage" */,
			);
			productRefGroup = 47A26F652B45B611005EB747 /* Products */;
			projectDirPath = "";
			projectRoot = "";
			targets = (
				47A26F632B45B611005EB747 /* MoviesApp */,
				47A26F732B45B61B005EB747 /* MoviesAppTests */,
				47A26F7D2B45B61C005EB747 /* MoviesAppUITests */,
			);
		};
/* End PBXProject section */

/* Begin PBXResourcesBuildPhase section */
		47A26F622B45B611005EB747 /* Resources */ = {
			isa = PBXResourcesBuildPhase;
			buildActionMask = 2147483647;
			files = (
				471FF0E62E2B0B30000173B1 /* MovieDetailsUI.storyboard in Resources */,
				47A26F6F2B45B61B005EB747 /* Preview Assets.xcassets in Resources */,
				47A26F6C2B45B61B005EB747 /* Assets.xcassets in Resources */,
				471FF0DD2E2AEF90000173B1 /* MovieListUI.storyboard in Resources */,
			);
			runOnlyForDeploymentPostprocessing = 0;
		};
		47A26F722B45B61B005EB747 /* Resources */ = {
			isa = PBXResourcesBuildPhase;
			buildActionMask = 2147483647;
			files = (
			);
			runOnlyForDeploymentPostprocessing = 0;
		};
		47A26F7C2B45B61C005EB747 /* Resources */ = {
			isa = PBXResourcesBuildPhase;
			buildActionMask = 2147483647;
			files = (
			);
			runOnlyForDeploymentPostprocessing = 0;
		};
/* End PBXResourcesBuildPhase section */

/* Begin PBXSourcesBuildPhase section */
		47A26F602B45B611005EB747 /* Sources */ = {
			isa = PBXSourcesBuildPhase;
			buildActionMask = 2147483647;
			files = (
				477E606F2B46DADB00EFF6D4 /* MoviesListInteractor.swift in Sources */,
				47A26FB02B45D1F6005EB747 /* AppConfiguration.swift in Sources */,
				47A26FAB2B45D1D6005EB747 /* DIContainer.swift in Sources */,
				477E60A82B4839A500EFF6D4 /* SpokenLanguages.swift in Sources */,
				477E606D2B46DACC00EFF6D4 /* MoviesListModel.swift in Sources */,
				477E60852B4824E100EFF6D4 /* MovieListRowUIView.swift in Sources */,
				477E60952B48359700EFF6D4 /* MovieDetailsPresenter.swift in Sources */,
				471FF0E12E2B001F000173B1 /* MoviesListViewController.swift in Sources */,
				477E60B82B48822900EFF6D4 /* MovieDetailsFooterUIView.swift in Sources */,
				477E605A2B46C52E00EFF6D4 /* NetworkConstants.swift in Sources */,
				477E60762B46DC9B00EFF6D4 /* MoviesUIView.swift in Sources */,
				477E60632B46C90600EFF6D4 /* MoviesResponse.swift in Sources */,
				477E606A2B46D37000EFF6D4 /* MoviesResultResponse.swift in Sources */,
				477E608A2B4828CB00EFF6D4 /* MovieDetailsRepository.swift in Sources */,
				477E60792B46E09800EFF6D4 /* BackgroundUIView.swift in Sources */,
				477E60712B46DAF800EFF6D4 /* MoviesListPresenter.swift in Sources */,
				477E605C2B46C80500EFF6D4 /* MoviesRepository.swift in Sources */,
				477E608E2B4831BD00EFF6D4 /* MovieDetailsRouter.swift in Sources */,
				477E607B2B46E0C400EFF6D4 /* PosterUIView.swift in Sources */,
				47A26FA92B45D1D6005EB747 /* Inject.swift in Sources */,
				477E60612B46C84500EFF6D4 /* MoviesAPI.swift in Sources */,
				477E608C2B4831AB00EFF6D4 /* MovieDetailsAPI.swift in Sources */,
				477E60A62B48395E00EFF6D4 /* ProductionCountries.swift in Sources */,
				477E60A02B48390800EFF6D4 /* Collections.swift in Sources */,
				477E607D2B46E57200EFF6D4 /* MoviesListInteractorAssembler.swift in Sources */,
				47A26F9C2B45D1C0005EB747 /* BaseAPI.swift in Sources */,
				47A26F682B45B611005EB747 /* MoviesAppApp.swift in Sources */,
				477E60932B48358500EFF6D4 /* MovieDetailsModel.swift in Sources */,
				477E60B02B484EC700EFF6D4 /* MovieDetailsUIConfigurator.swift in Sources */,
				477E60BA2B488E7F00EFF6D4 /* MoviesSortingUIButton.swift in Sources */,
				477E60B62B48811D00EFF6D4 /* MovieDetailsCenterUIView.swift in Sources */,
				477E60B22B48763E00EFF6D4 /* StarRatingUIView.swift in Sources */,
				471FF0E32E2B01B3000173B1 /* MoviesListCell.swift in Sources */,
				477E60812B476B2200EFF6D4 /* ListPaginationRowView.swift in Sources */,
				477E60B42B4877FC00EFF6D4 /* MovieDetailHeaderUIView.swift in Sources */,
				477E609A2B4835D100EFF6D4 /* MovieDetailsUIView.swift in Sources */,
				477E60972B4835AA00EFF6D4 /* MovieDetailsInteractor.swift in Sources */,
				477E60A22B48392800EFF6D4 /* Genres.swift in Sources */,
				477E609E2B4836DA00EFF6D4 /* MovieDetailsResponse.swift in Sources */,
				477E60682B46D31400EFF6D4 /* DateResponse.swift in Sources */,
				47A26FAC2B45D1D6005EB747 /* APIError.swift in Sources */,
				477E60832B476B8800EFF6D4 /* PaginationState.swift in Sources */,
				477E60A42B48394600EFF6D4 /* ProductionCompanies.swift in Sources */,
				477E60BC2B496B2400EFF6D4 /* MoviesListUIView.swift in Sources */,
				471FA1D92E2B14C30073AF55 /* MoviesDetailViewController.swift in Sources */,
				477E60AE2B4844E100EFF6D4 /* MovieDetailsDataStore.swift in Sources */,
				477E605F2B46C83800EFF6D4 /* MoviesRouter.swift in Sources */,
				477E60662B46D0CC00EFF6D4 /* NetworkManager.swift in Sources */,
				47A26FAA2B45D1D6005EB747 /* Assembler.swift in Sources */,
				47A26F9D2B45D1C0005EB747 /* BaseRouter.swift in Sources */,
				477E60AB2B48430900EFF6D4 /* MovieDetailsInteractorAssembler.swift in Sources */,
			);
			runOnlyForDeploymentPostprocessing = 0;
		};
		47A26F702B45B61B005EB747 /* Sources */ = {
			isa = PBXSourcesBuildPhase;
			buildActionMask = 2147483647;
			files = (
				47A26F792B45B61C005EB747 /* MoviesAppTests.swift in Sources */,
			);
			runOnlyForDeploymentPostprocessing = 0;
		};
		47A26F7A2B45B61C005EB747 /* Sources */ = {
			isa = PBXSourcesBuildPhase;
			buildActionMask = 2147483647;
			files = (
				47A26F832B45B61C005EB747 /* MoviesAppUITests.swift in Sources */,
				47A26F852B45B61C005EB747 /* MoviesAppUITestsLaunchTests.swift in Sources */,
			);
			runOnlyForDeploymentPostprocessing = 0;
		};
/* End PBXSourcesBuildPhase section */

/* Begin PBXTargetDependency section */
		47A26F762B45B61B005EB747 /* PBXTargetDependency */ = {
			isa = PBXTargetDependency;
			target = 47A26F632B45B611005EB747 /* MoviesApp */;
			targetProxy = 47A26F752B45B61B005EB747 /* PBXContainerItemProxy */;
		};
		47A26F802B45B61C005EB747 /* PBXTargetDependency */ = {
			isa = PBXTargetDependency;
			target = 47A26F632B45B611005EB747 /* MoviesApp */;
			targetProxy = 47A26F7F2B45B61C005EB747 /* PBXContainerItemProxy */;
		};
/* End PBXTargetDependency section */

/* Begin XCBuildConfiguration section */
		47A26F862B45B61C005EB747 /* Debug */ = {
			isa = XCBuildConfiguration;
			buildSettings = {
				ALWAYS_SEARCH_USER_PATHS = NO;
				CLANG_ANALYZER_NONNULL = YES;
				CLANG_ANALYZER_NUMBER_OBJECT_CONVERSION = YES_AGGRESSIVE;
				CLANG_CXX_LANGUAGE_STANDARD = "gnu++20";
				CLANG_ENABLE_MODULES = YES;
				CLANG_ENABLE_OBJC_ARC = YES;
				CLANG_ENABLE_OBJC_WEAK = YES;
				CLANG_WARN_BLOCK_CAPTURE_AUTORELEASING = YES;
				CLANG_WARN_BOOL_CONVERSION = YES;
				CLANG_WARN_COMMA = YES;
				CLANG_WARN_CONSTANT_CONVERSION = YES;
				CLANG_WARN_DEPRECATED_OBJC_IMPLEMENTATIONS = YES;
				CLANG_WARN_DIRECT_OBJC_ISA_USAGE = YES_ERROR;
				CLANG_WARN_DOCUMENTATION_COMMENTS = YES;
				CLANG_WARN_EMPTY_BODY = YES;
				CLANG_WARN_ENUM_CONVERSION = YES;
				CLANG_WARN_INFINITE_RECURSION = YES;
				CLANG_WARN_INT_CONVERSION = YES;
				CLANG_WARN_NON_LITERAL_NULL_CONVERSION = YES;
				CLANG_WARN_OBJC_IMPLICIT_RETAIN_SELF = YES;
				CLANG_WARN_OBJC_LITERAL_CONVERSION = YES;
				CLANG_WARN_OBJC_ROOT_CLASS = YES_ERROR;
				CLANG_WARN_QUOTED_INCLUDE_IN_FRAMEWORK_HEADER = YES;
				CLANG_WARN_RANGE_LOOP_ANALYSIS = YES;
				CLANG_WARN_STRICT_PROTOTYPES = YES;
				CLANG_WARN_SUSPICIOUS_MOVE = YES;
				CLANG_WARN_UNGUARDED_AVAILABILITY = YES_AGGRESSIVE;
				CLANG_WARN_UNREACHABLE_CODE = YES;
				CLANG_WARN__DUPLICATE_METHOD_MATCH = YES;
				COPY_PHASE_STRIP = NO;
				DEBUG_INFORMATION_FORMAT = dwarf;
				ENABLE_STRICT_OBJC_MSGSEND = YES;
				ENABLE_TESTABILITY = YES;
				GCC_C_LANGUAGE_STANDARD = gnu11;
				GCC_DYNAMIC_NO_PIC = NO;
				GCC_NO_COMMON_BLOCKS = YES;
				GCC_OPTIMIZATION_LEVEL = 0;
				GCC_PREPROCESSOR_DEFINITIONS = (
					"DEBUG=1",
					"$(inherited)",
				);
				GCC_WARN_64_TO_32_BIT_CONVERSION = YES;
				GCC_WARN_ABOUT_RETURN_TYPE = YES_ERROR;
				GCC_WARN_UNDECLARED_SELECTOR = YES;
				GCC_WARN_UNINITIALIZED_AUTOS = YES_AGGRESSIVE;
				GCC_WARN_UNUSED_FUNCTION = YES;
				GCC_WARN_UNUSED_VARIABLE = YES;
				IPHONEOS_DEPLOYMENT_TARGET = 16.4;
				MTL_ENABLE_DEBUG_INFO = INCLUDE_SOURCE;
				MTL_FAST_MATH = YES;
				ONLY_ACTIVE_ARCH = YES;
				SDKROOT = iphoneos;
				SWIFT_ACTIVE_COMPILATION_CONDITIONS = DEBUG;
				SWIFT_OPTIMIZATION_LEVEL = "-Onone";
			};
			name = Debug;
		};
		47A26F872B45B61C005EB747 /* Release */ = {
			isa = XCBuildConfiguration;
			buildSettings = {
				ALWAYS_SEARCH_USER_PATHS = NO;
				CLANG_ANALYZER_NONNULL = YES;
				CLANG_ANALYZER_NUMBER_OBJECT_CONVERSION = YES_AGGRESSIVE;
				CLANG_CXX_LANGUAGE_STANDARD = "gnu++20";
				CLANG_ENABLE_MODULES = YES;
				CLANG_ENABLE_OBJC_ARC = YES;
				CLANG_ENABLE_OBJC_WEAK = YES;
				CLANG_WARN_BLOCK_CAPTURE_AUTORELEASING = YES;
				CLANG_WARN_BOOL_CONVERSION = YES;
				CLANG_WARN_COMMA = YES;
				CLANG_WARN_CONSTANT_CONVERSION = YES;
				CLANG_WARN_DEPRECATED_OBJC_IMPLEMENTATIONS = YES;
				CLANG_WARN_DIRECT_OBJC_ISA_USAGE = YES_ERROR;
				CLANG_WARN_DOCUMENTATION_COMMENTS = YES;
				CLANG_WARN_EMPTY_BODY = YES;
				CLANG_WARN_ENUM_CONVERSION = YES;
				CLANG_WARN_INFINITE_RECURSION = YES;
				CLANG_WARN_INT_CONVERSION = YES;
				CLANG_WARN_NON_LITERAL_NULL_CONVERSION = YES;
				CLANG_WARN_OBJC_IMPLICIT_RETAIN_SELF = YES;
				CLANG_WARN_OBJC_LITERAL_CONVERSION = YES;
				CLANG_WARN_OBJC_ROOT_CLASS = YES_ERROR;
				CLANG_WARN_QUOTED_INCLUDE_IN_FRAMEWORK_HEADER = YES;
				CLANG_WARN_RANGE_LOOP_ANALYSIS = YES;
				CLANG_WARN_STRICT_PROTOTYPES = YES;
				CLANG_WARN_SUSPICIOUS_MOVE = YES;
				CLANG_WARN_UNGUARDED_AVAILABILITY = YES_AGGRESSIVE;
				CLANG_WARN_UNREACHABLE_CODE = YES;
				CLANG_WARN__DUPLICATE_METHOD_MATCH = YES;
				COPY_PHASE_STRIP = NO;
				DEBUG_INFORMATION_FORMAT = "dwarf-with-dsym";
				ENABLE_NS_ASSERTIONS = NO;
				ENABLE_STRICT_OBJC_MSGSEND = YES;
				GCC_C_LANGUAGE_STANDARD = gnu11;
				GCC_NO_COMMON_BLOCKS = YES;
				GCC_WARN_64_TO_32_BIT_CONVERSION = YES;
				GCC_WARN_ABOUT_RETURN_TYPE = YES_ERROR;
				GCC_WARN_UNDECLARED_SELECTOR = YES;
				GCC_WARN_UNINITIALIZED_AUTOS = YES_AGGRESSIVE;
				GCC_WARN_UNUSED_FUNCTION = YES;
				GCC_WARN_UNUSED_VARIABLE = YES;
				IPHONEOS_DEPLOYMENT_TARGET = 16.4;
				MTL_ENABLE_DEBUG_INFO = NO;
				MTL_FAST_MATH = YES;
				SDKROOT = iphoneos;
				SWIFT_COMPILATION_MODE = wholemodule;
				SWIFT_OPTIMIZATION_LEVEL = "-O";
				VALIDATE_PRODUCT = YES;
			};
			name = Release;
		};
		47A26F892B45B61C005EB747 /* Debug */ = {
			isa = XCBuildConfiguration;
			buildSettings = {
				ASSETCATALOG_COMPILER_APPICON_NAME = AppIcon;
				ASSETCATALOG_COMPILER_GLOBAL_ACCENT_COLOR_NAME = AccentColor;
				CODE_SIGN_STYLE = Automatic;
				CURRENT_PROJECT_VERSION = 1;
				DEVELOPMENT_ASSET_PATHS = "\"MoviesApp/Preview Content\"";
				DEVELOPMENT_TEAM = F9688795K2;
				ENABLE_PREVIEWS = YES;
				GENERATE_INFOPLIST_FILE = YES;
				INFOPLIST_FILE = MoviesApp/SupportingFiles/Info.plist;
				INFOPLIST_KEY_UIApplicationSceneManifest_Generation = YES;
				INFOPLIST_KEY_UIApplicationSupportsIndirectInputEvents = YES;
				INFOPLIST_KEY_UILaunchScreen_Generation = YES;
				INFOPLIST_KEY_UISupportedInterfaceOrientations_iPad = "UIInterfaceOrientationPortrait UIInterfaceOrientationPortraitUpsideDown UIInterfaceOrientationLandscapeLeft UIInterfaceOrientationLandscapeRight";
				INFOPLIST_KEY_UISupportedInterfaceOrientations_iPhone = "UIInterfaceOrientationPortrait UIInterfaceOrientationLandscapeLeft UIInterfaceOrientationLandscapeRight";
				LD_RUNPATH_SEARCH_PATHS = (
					"$(inherited)",
					"@executable_path/Frameworks",
				);
				MARKETING_VERSION = 1.0;
				PRODUCT_BUNDLE_IDENTIFIER = personal.MoviesApp;
				PRODUCT_NAME = "$(TARGET_NAME)";
				SWIFT_EMIT_LOC_STRINGS = YES;
				SWIFT_VERSION = 5.0;
				TARGETED_DEVICE_FAMILY = "1,2";
			};
			name = Debug;
		};
		47A26F8A2B45B61C005EB747 /* Release */ = {
			isa = XCBuildConfiguration;
			buildSettings = {
				ASSETCATALOG_COMPILER_APPICON_NAME = AppIcon;
				ASSETCATALOG_COMPILER_GLOBAL_ACCENT_COLOR_NAME = AccentColor;
				CODE_SIGN_STYLE = Automatic;
				CURRENT_PROJECT_VERSION = 1;
				DEVELOPMENT_ASSET_PATHS = "\"MoviesApp/Preview Content\"";
				DEVELOPMENT_TEAM = F9688795K2;
				ENABLE_PREVIEWS = YES;
				GENERATE_INFOPLIST_FILE = YES;
				INFOPLIST_FILE = MoviesApp/SupportingFiles/Info.plist;
				INFOPLIST_KEY_UIApplicationSceneManifest_Generation = YES;
				INFOPLIST_KEY_UIApplicationSupportsIndirectInputEvents = YES;
				INFOPLIST_KEY_UILaunchScreen_Generation = YES;
				INFOPLIST_KEY_UISupportedInterfaceOrientations_iPad = "UIInterfaceOrientationPortrait UIInterfaceOrientationPortraitUpsideDown UIInterfaceOrientationLandscapeLeft UIInterfaceOrientationLandscapeRight";
				INFOPLIST_KEY_UISupportedInterfaceOrientations_iPhone = "UIInterfaceOrientationPortrait UIInterfaceOrientationLandscapeLeft UIInterfaceOrientationLandscapeRight";
				LD_RUNPATH_SEARCH_PATHS = (
					"$(inherited)",
					"@executable_path/Frameworks",
				);
				MARKETING_VERSION = 1.0;
				PRODUCT_BUNDLE_IDENTIFIER = personal.MoviesApp;
				PRODUCT_NAME = "$(TARGET_NAME)";
				SWIFT_EMIT_LOC_STRINGS = YES;
				SWIFT_VERSION = 5.0;
				TARGETED_DEVICE_FAMILY = "1,2";
			};
			name = Release;
		};
		47A26F8C2B45B61C005EB747 /* Debug */ = {
			isa = XCBuildConfiguration;
			buildSettings = {
				ALWAYS_EMBED_SWIFT_STANDARD_LIBRARIES = YES;
				BUNDLE_LOADER = "$(TEST_HOST)";
				CODE_SIGN_STYLE = Automatic;
				CURRENT_PROJECT_VERSION = 1;
				DEVELOPMENT_TEAM = F9688795K2;
				GENERATE_INFOPLIST_FILE = YES;
				IPHONEOS_DEPLOYMENT_TARGET = 16.4;
				MARKETING_VERSION = 1.0;
				PRODUCT_BUNDLE_IDENTIFIER = personal.MoviesAppTests;
				PRODUCT_NAME = "$(TARGET_NAME)";
				SWIFT_EMIT_LOC_STRINGS = NO;
				SWIFT_VERSION = 5.0;
				TARGETED_DEVICE_FAMILY = "1,2";
				TEST_HOST = "$(BUILT_PRODUCTS_DIR)/MoviesApp.app/$(BUNDLE_EXECUTABLE_FOLDER_PATH)/MoviesApp";
			};
			name = Debug;
		};
		47A26F8D2B45B61C005EB747 /* Release */ = {
			isa = XCBuildConfiguration;
			buildSettings = {
				ALWAYS_EMBED_SWIFT_STANDARD_LIBRARIES = YES;
				BUNDLE_LOADER = "$(TEST_HOST)";
				CODE_SIGN_STYLE = Automatic;
				CURRENT_PROJECT_VERSION = 1;
				DEVELOPMENT_TEAM = F9688795K2;
				GENERATE_INFOPLIST_FILE = YES;
				IPHONEOS_DEPLOYMENT_TARGET = 16.4;
				MARKETING_VERSION = 1.0;
				PRODUCT_BUNDLE_IDENTIFIER = personal.MoviesAppTests;
				PRODUCT_NAME = "$(TARGET_NAME)";
				SWIFT_EMIT_LOC_STRINGS = NO;
				SWIFT_VERSION = 5.0;
				TARGETED_DEVICE_FAMILY = "1,2";
				TEST_HOST = "$(BUILT_PRODUCTS_DIR)/MoviesApp.app/$(BUNDLE_EXECUTABLE_FOLDER_PATH)/MoviesApp";
			};
			name = Release;
		};
		47A26F8F2B45B61C005EB747 /* Debug */ = {
			isa = XCBuildConfiguration;
			buildSettings = {
				ALWAYS_EMBED_SWIFT_STANDARD_LIBRARIES = YES;
				CODE_SIGN_STYLE = Automatic;
				CURRENT_PROJECT_VERSION = 1;
				DEVELOPMENT_TEAM = F9688795K2;
				GENERATE_INFOPLIST_FILE = YES;
				MARKETING_VERSION = 1.0;
				PRODUCT_BUNDLE_IDENTIFIER = personal.MoviesAppUITests;
				PRODUCT_NAME = "$(TARGET_NAME)";
				SWIFT_EMIT_LOC_STRINGS = NO;
				SWIFT_VERSION = 5.0;
				TARGETED_DEVICE_FAMILY = "1,2";
				TEST_TARGET_NAME = MoviesApp;
			};
			name = Debug;
		};
		47A26F902B45B61C005EB747 /* Release */ = {
			isa = XCBuildConfiguration;
			buildSettings = {
				ALWAYS_EMBED_SWIFT_STANDARD_LIBRARIES = YES;
				CODE_SIGN_STYLE = Automatic;
				CURRENT_PROJECT_VERSION = 1;
				DEVELOPMENT_TEAM = F9688795K2;
				GENERATE_INFOPLIST_FILE = YES;
				MARKETING_VERSION = 1.0;
				PRODUCT_BUNDLE_IDENTIFIER = personal.MoviesAppUITests;
				PRODUCT_NAME = "$(TARGET_NAME)";
				SWIFT_EMIT_LOC_STRINGS = NO;
				SWIFT_VERSION = 5.0;
				TARGETED_DEVICE_FAMILY = "1,2";
				TEST_TARGET_NAME = MoviesApp;
			};
			name = Release;
		};
/* End XCBuildConfiguration section */

/* Begin XCConfigurationList section */
		47A26F5F2B45B611005EB747 /* Build configuration list for PBXProject "MoviesApp" */ = {
			isa = XCConfigurationList;
			buildConfigurations = (
				47A26F862B45B61C005EB747 /* Debug */,
				47A26F872B45B61C005EB747 /* Release */,
			);
			defaultConfigurationIsVisible = 0;
			defaultConfigurationName = Release;
		};
		47A26F882B45B61C005EB747 /* Build configuration list for PBXNativeTarget "MoviesApp" */ = {
			isa = XCConfigurationList;
			buildConfigurations = (
				47A26F892B45B61C005EB747 /* Debug */,
				47A26F8A2B45B61C005EB747 /* Release */,
			);
			defaultConfigurationIsVisible = 0;
			defaultConfigurationName = Release;
		};
		47A26F8B2B45B61C005EB747 /* Build configuration list for PBXNativeTarget "MoviesAppTests" */ = {
			isa = XCConfigurationList;
			buildConfigurations = (
				47A26F8C2B45B61C005EB747 /* Debug */,
				47A26F8D2B45B61C005EB747 /* Release */,
			);
			defaultConfigurationIsVisible = 0;
			defaultConfigurationName = Release;
		};
		47A26F8E2B45B61C005EB747 /* Build configuration list for PBXNativeTarget "MoviesAppUITests" */ = {
			isa = XCConfigurationList;
			buildConfigurations = (
				47A26F8F2B45B61C005EB747 /* Debug */,
				47A26F902B45B61C005EB747 /* Release */,
			);
			defaultConfigurationIsVisible = 0;
			defaultConfigurationName = Release;
		};
/* End XCConfigurationList section */

/* Begin XCRemoteSwiftPackageReference section */
		471FA1DA2E2B1FED0073AF55 /* XCRemoteSwiftPackageReference "SDWebImage" */ = {
			isa = XCRemoteSwiftPackageReference;
			repositoryURL = "https://github.com/SDWebImage/SDWebImage.git";
			requirement = {
				kind = exactVersion;
				version = 5.21.1;
			};
		};
		471FF0D62E2ACFF3000173B1 /* XCRemoteSwiftPackageReference "Alamofire" */ = {
			isa = XCRemoteSwiftPackageReference;
			repositoryURL = "https://github.com/Alamofire/Alamofire.git";
			requirement = {
				kind = exactVersion;
				version = 5.8.0;
			};
		};
/* End XCRemoteSwiftPackageReference section */

/* Begin XCSwiftPackageProductDependency section */
		471FA1DB2E2B20150073AF55 /* SDWebImage */ = {
			isa = XCSwiftPackageProductDependency;
			package = 471FA1DA2E2B1FED0073AF55 /* XCRemoteSwiftPackageReference "SDWebImage" */;
			productName = SDWebImage;
		};
		471FF0D82E2AD406000173B1 /* Alamofire */ = {
			isa = XCSwiftPackageProductDependency;
			package = 471FF0D62E2ACFF3000173B1 /* XCRemoteSwiftPackageReference "Alamofire" */;
			productName = Alamofire;
		};
/* End XCSwiftPackageProductDependency section */
	};
	rootObject = 47A26F5C2B45B611005EB747 /* Project object */;
}
